
Microsoft Visual Studio Solution File, Format Version 12.00
# Visual Studio Version 17
VisualStudioVersion = 17.5.33516.290
MinimumVisualStudioVersion = 10.0.40219.1
Project("{FAE04EC0-301F-11D3-BF4B-00C04F79EFBC}") = "Mini_Mundo", "Mini_Mundo.csproj", "{C5CC9E0D-B824-4E9D-A1F6-5112BEDE3052}"
EndProject
Global
	GlobalSection(SolutionConfigurationPlatforms) = preSolution
		Debug|Any CPU = Debug|Any CPU
		Release|Any CPU = Release|Any CPU
	EndGlobalSection
	GlobalSection(ProjectConfigurationPlatforms) = postSolution
		{C5CC9E0D-B824-4E9D-A1F6-5112BEDE3052}.Debug|Any CPU.ActiveCfg = Debug|Any CPU
		{C5CC9E0D-B824-4E9D-A1F6-5112BEDE3052}.Debug|Any CPU.Build.0 = Debug|Any CPU
		{C5CC9E0D-B824-4E9D-A1F6-5112BEDE3052}.Release|Any CPU.ActiveCfg = Release|Any CPU
		{C5CC9E0D-B824-4E9D-A1F6-5112BEDE3052}.Release|Any CPU.Build.0 = Release|Any CPU
	EndGlobalSection
	GlobalSection(SolutionProperties) = preSolution
		HideSolutionNode = FALSE
	EndGlobalSection
	GlobalSection(ExtensibilityGlobals) = postSolution
		SolutionGuid = {F0371051-3E9C-4DB3-B8D8-A61128806675}
	EndGlobalSection
EndGlobal
